// !$*UTF8*$!
{
	archiveVersion = 1;
	classes = {
	};
	objectVersion = 48;
	objects = {

/* Begin PBXBuildFile section */
		E50894FD1FA4DFD000B6AA14 /* SettingsViewController.swift in Sources */ = {isa = PBXBuildFile; fileRef = E50894FC1FA4DFD000B6AA14 /* SettingsViewController.swift */; };
		E51166D22020A12C00339FC0 /* HighScoresTableViewController.swift in Sources */ = {isa = PBXBuildFile; fileRef = E51166D12020A12C00339FC0 /* HighScoresTableViewController.swift */; };
		E5133D071F9A95E800DE2373 /* Constants.swift in Sources */ = {isa = PBXBuildFile; fileRef = E5133D061F9A95E800DE2373 /* Constants.swift */; };
		E515B5D2201FE8C0006E8EAE /* HighScore.swift in Sources */ = {isa = PBXBuildFile; fileRef = E515B5CF201FE8C0006E8EAE /* HighScore.swift */; };
		E515B5D3201FE8C0006E8EAE /* HighScores.xcdatamodeld in Sources */ = {isa = PBXBuildFile; fileRef = E515B5D0201FE8C0006E8EAE /* HighScores.xcdatamodeld */; };
		E53699C71FA5264A009F4A68 /* UserDefaultsManager.swift in Sources */ = {isa = PBXBuildFile; fileRef = E53699C61FA5264A009F4A68 /* UserDefaultsManager.swift */; };
		E580EAD21F9A3D3D00D35B8E /* AppDelegate.swift in Sources */ = {isa = PBXBuildFile; fileRef = E580EAD11F9A3D3D00D35B8E /* AppDelegate.swift */; };
		E580EAD41F9A3D3D00D35B8E /* BreakoutViewController.swift in Sources */ = {isa = PBXBuildFile; fileRef = E580EAD31F9A3D3D00D35B8E /* BreakoutViewController.swift */; };
		E580EAD71F9A3D3D00D35B8E /* Main.storyboard in Resources */ = {isa = PBXBuildFile; fileRef = E580EAD51F9A3D3D00D35B8E /* Main.storyboard */; };
		E580EAD91F9A3D3D00D35B8E /* Assets.xcassets in Resources */ = {isa = PBXBuildFile; fileRef = E580EAD81F9A3D3D00D35B8E /* Assets.xcassets */; };
		E580EADC1F9A3D3D00D35B8E /* LaunchScreen.storyboard in Resources */ = {isa = PBXBuildFile; fileRef = E580EADA1F9A3D3D00D35B8E /* LaunchScreen.storyboard */; };
		E580EAE51F9A3DBD00D35B8E /* BreakoutView.swift in Sources */ = {isa = PBXBuildFile; fileRef = E580EAE41F9A3DBD00D35B8E /* BreakoutView.swift */; };
		E580EAE71F9A52B100D35B8E /* BallBehavior.swift in Sources */ = {isa = PBXBuildFile; fileRef = E580EAE61F9A52B100D35B8E /* BallBehavior.swift */; };
		E580EAE91F9A59CD00D35B8E /* UIKitExtensions.swift in Sources */ = {isa = PBXBuildFile; fileRef = E580EAE81F9A59CC00D35B8E /* UIKitExtensions.swift */; };
		E5D451121FD5D87300D11EEA /* CircleView.swift in Sources */ = {isa = PBXBuildFile; fileRef = E5D451111FD5D87300D11EEA /* CircleView.swift */; };
		E5E09EE820227E4E00CFC774 /* SpotlightView.swift in Sources */ = {isa = PBXBuildFile; fileRef = E5E09EE720227E4E00CFC774 /* SpotlightView.swift */; };
		E5E97AA72023D6080016F039 /* RadialGradientLayer.swift in Sources */ = {isa = PBXBuildFile; fileRef = E5E97AA62023D6080016F039 /* RadialGradientLayer.swift */; };
/* End PBXBuildFile section */

/* Begin PBXFileReference section */
		E50894FC1FA4DFD000B6AA14 /* SettingsViewController.swift */ = {isa = PBXFileReference; lastKnownFileType = sourcecode.swift; path = SettingsViewController.swift; sourceTree = "<group>"; };
		E51166D12020A12C00339FC0 /* HighScoresTableViewController.swift */ = {isa = PBXFileReference; lastKnownFileType = sourcecode.swift; path = HighScoresTableViewController.swift; sourceTree = "<group>"; };
		E5133D061F9A95E800DE2373 /* Constants.swift */ = {isa = PBXFileReference; lastKnownFileType = sourcecode.swift; path = Constants.swift; sourceTree = "<group>"; };
		E515B5CF201FE8C0006E8EAE /* HighScore.swift */ = {isa = PBXFileReference; fileEncoding = 4; lastKnownFileType = sourcecode.swift; path = HighScore.swift; sourceTree = "<group>"; };
		E515B5D1201FE8C0006E8EAE /* HighScores.xcdatamodel */ = {isa = PBXFileReference; lastKnownFileType = wrapper.xcdatamodel; path = HighScores.xcdatamodel; sourceTree = "<group>"; };
		E53699C61FA5264A009F4A68 /* UserDefaultsManager.swift */ = {isa = PBXFileReference; lastKnownFileType = sourcecode.swift; path = UserDefaultsManager.swift; sourceTree = "<group>"; };
		E580EACE1F9A3D3D00D35B8E /* Breakout.app */ = {isa = PBXFileReference; explicitFileType = wrapper.application; includeInIndex = 0; path = Breakout.app; sourceTree = BUILT_PRODUCTS_DIR; };
		E580EAD11F9A3D3D00D35B8E /* AppDelegate.swift */ = {isa = PBXFileReference; lastKnownFileType = sourcecode.swift; path = AppDelegate.swift; sourceTree = "<group>"; };
		E580EAD31F9A3D3D00D35B8E /* BreakoutViewController.swift */ = {isa = PBXFileReference; lastKnownFileType = sourcecode.swift; path = BreakoutViewController.swift; sourceTree = "<group>"; };
		E580EAD61F9A3D3D00D35B8E /* Base */ = {isa = PBXFileReference; lastKnownFileType = file.storyboard; name = Base; path = Base.lproj/Main.storyboard; sourceTree = "<group>"; };
		E580EAD81F9A3D3D00D35B8E /* Assets.xcassets */ = {isa = PBXFileReference; lastKnownFileType = folder.assetcatalog; path = Assets.xcassets; sourceTree = "<group>"; };
		E580EADB1F9A3D3D00D35B8E /* Base */ = {isa = PBXFileReference; lastKnownFileType = file.storyboard; name = Base; path = Base.lproj/LaunchScreen.storyboard; sourceTree = "<group>"; };
		E580EADD1F9A3D3D00D35B8E /* Info.plist */ = {isa = PBXFileReference; lastKnownFileType = text.plist.xml; path = Info.plist; sourceTree = "<group>"; };
		E580EAE41F9A3DBD00D35B8E /* BreakoutView.swift */ = {isa = PBXFileReference; lastKnownFileType = sourcecode.swift; path = BreakoutView.swift; sourceTree = "<group>"; };
		E580EAE61F9A52B100D35B8E /* BallBehavior.swift */ = {isa = PBXFileReference; lastKnownFileType = sourcecode.swift; path = BallBehavior.swift; sourceTree = "<group>"; };
		E580EAE81F9A59CC00D35B8E /* UIKitExtensions.swift */ = {isa = PBXFileReference; fileEncoding = 4; lastKnownFileType = sourcecode.swift; path = UIKitExtensions.swift; sourceTree = "<group>"; };
		E5D451111FD5D87300D11EEA /* CircleView.swift */ = {isa = PBXFileReference; lastKnownFileType = sourcecode.swift; path = CircleView.swift; sourceTree = "<group>"; };
		E5E09EE720227E4E00CFC774 /* SpotlightView.swift */ = {isa = PBXFileReference; lastKnownFileType = sourcecode.swift; path = SpotlightView.swift; sourceTree = "<group>"; };
		E5E97AA62023D6080016F039 /* RadialGradientLayer.swift */ = {isa = PBXFileReference; lastKnownFileType = sourcecode.swift; path = RadialGradientLayer.swift; sourceTree = "<group>"; };
/* End PBXFileReference section */

/* Begin PBXFrameworksBuildPhase section */
		E580EACB1F9A3D3D00D35B8E /* Frameworks */ = {
			isa = PBXFrameworksBuildPhase;
			buildActionMask = 2147483647;
			files = (
			);
			runOnlyForDeploymentPostprocessing = 0;
		};
/* End PBXFrameworksBuildPhase section */

/* Begin PBXGroup section */
		E580EAC51F9A3D3D00D35B8E = {
			isa = PBXGroup;
			children = (
				E580EAD01F9A3D3D00D35B8E /* Breakout */,
				E580EACF1F9A3D3D00D35B8E /* Products */,
			);
			sourceTree = "<group>";
		};
		E580EACF1F9A3D3D00D35B8E /* Products */ = {
			isa = PBXGroup;
			children = (
				E580EACE1F9A3D3D00D35B8E /* Breakout.app */,
			);
			name = Products;
			sourceTree = "<group>";
		};
		E580EAD01F9A3D3D00D35B8E /* Breakout */ = {
			isa = PBXGroup;
			children = (
				E580EAD31F9A3D3D00D35B8E /* BreakoutViewController.swift */,
				E50894FC1FA4DFD000B6AA14 /* SettingsViewController.swift */,
				E51166D12020A12C00339FC0 /* HighScoresTableViewController.swift */,
				E580EAE41F9A3DBD00D35B8E /* BreakoutView.swift */,
				E580EAE61F9A52B100D35B8E /* BallBehavior.swift */,
				E5E09EE720227E4E00CFC774 /* SpotlightView.swift */,
				E5E97AA62023D6080016F039 /* RadialGradientLayer.swift */,
				E5D451111FD5D87300D11EEA /* CircleView.swift */,
				E515B5CF201FE8C0006E8EAE /* HighScore.swift */,
				E515B5D0201FE8C0006E8EAE /* HighScores.xcdatamodeld */,
				E53699C61FA5264A009F4A68 /* UserDefaultsManager.swift */,
				E580EAE81F9A59CC00D35B8E /* UIKitExtensions.swift */,
				E5133D061F9A95E800DE2373 /* Constants.swift */,
				E580EAD51F9A3D3D00D35B8E /* Main.storyboard */,
				E580EADD1F9A3D3D00D35B8E /* Info.plist */,
				E580EAE31F9A3D5400D35B8E /* Supporting Files */,
			);
			path = Breakout;
			sourceTree = "<group>";
		};
		E580EAE31F9A3D5400D35B8E /* Supporting Files */ = {
			isa = PBXGroup;
			children = (
				E580EAD11F9A3D3D00D35B8E /* AppDelegate.swift */,
				E580EAD81F9A3D3D00D35B8E /* Assets.xcassets */,
				E580EADA1F9A3D3D00D35B8E /* LaunchScreen.storyboard */,
			);
			path = "Supporting Files";
			sourceTree = "<group>";
		};
/* End PBXGroup section */

/* Begin PBXNativeTarget section */
		E580EACD1F9A3D3D00D35B8E /* Breakout */ = {
			isa = PBXNativeTarget;
			buildConfigurationList = E580EAE01F9A3D3D00D35B8E /* Build configuration list for PBXNativeTarget "Breakout" */;
			buildPhases = (
				E580EACA1F9A3D3D00D35B8E /* Sources */,
				E580EACB1F9A3D3D00D35B8E /* Frameworks */,
				E580EACC1F9A3D3D00D35B8E /* Resources */,
			);
			buildRules = (
			);
			dependencies = (
			);
			name = Breakout;
			productName = Breakout;
			productReference = E580EACE1F9A3D3D00D35B8E /* Breakout.app */;
			productType = "com.apple.product-type.application";
		};
/* End PBXNativeTarget section */

/* Begin PBXProject section */
		E580EAC61F9A3D3D00D35B8E /* Project object */ = {
			isa = PBXProject;
			attributes = {
				LastSwiftUpdateCheck = 0900;
				LastUpgradeCheck = 0900;
				ORGANIZATIONNAME = "ana videnovic";
				TargetAttributes = {
					E580EACD1F9A3D3D00D35B8E = {
						CreatedOnToolsVersion = 9.0.1;
						ProvisioningStyle = Automatic;
					};
				};
			};
			buildConfigurationList = E580EAC91F9A3D3D00D35B8E /* Build configuration list for PBXProject "Breakout" */;
			compatibilityVersion = "Xcode 8.0";
			developmentRegion = en;
			hasScannedForEncodings = 0;
			knownRegions = (
				en,
				Base,
			);
			mainGroup = E580EAC51F9A3D3D00D35B8E;
			productRefGroup = E580EACF1F9A3D3D00D35B8E /* Products */;
			projectDirPath = "";
			projectRoot = "";
			targets = (
				E580EACD1F9A3D3D00D35B8E /* Breakout */,
			);
		};
/* End PBXProject section */

/* Begin PBXResourcesBuildPhase section */
		E580EACC1F9A3D3D00D35B8E /* Resources */ = {
			isa = PBXResourcesBuildPhase;
			buildActionMask = 2147483647;
			files = (
				E580EADC1F9A3D3D00D35B8E /* LaunchScreen.storyboard in Resources */,
				E580EAD91F9A3D3D00D35B8E /* Assets.xcassets in Resources */,
				E580EAD71F9A3D3D00D35B8E /* Main.storyboard in Resources */,
			);
			runOnlyForDeploymentPostprocessing = 0;
		};
/* End PBXResourcesBuildPhase section */

/* Begin PBXSourcesBuildPhase section */
		E580EACA1F9A3D3D00D35B8E /* Sources */ = {
			isa = PBXSourcesBuildPhase;
			buildActionMask = 2147483647;
			files = (
				E51166D22020A12C00339FC0 /* HighScoresTableViewController.swift in Sources */,
				E5D451121FD5D87300D11EEA /* CircleView.swift in Sources */,
				E580EAE91F9A59CD00D35B8E /* UIKitExtensions.swift in Sources */,
				E580EAE71F9A52B100D35B8E /* BallBehavior.swift in Sources */,
				E50894FD1FA4DFD000B6AA14 /* SettingsViewController.swift in Sources */,
				E515B5D2201FE8C0006E8EAE /* HighScore.swift in Sources */,
				E580EAE51F9A3DBD00D35B8E /* BreakoutView.swift in Sources */,
				E515B5D3201FE8C0006E8EAE /* HighScores.xcdatamodeld in Sources */,
				E580EAD41F9A3D3D00D35B8E /* BreakoutViewController.swift in Sources */,
				E580EAD21F9A3D3D00D35B8E /* AppDelegate.swift in Sources */,
				E5E09EE820227E4E00CFC774 /* SpotlightView.swift in Sources */,
				E53699C71FA5264A009F4A68 /* UserDefaultsManager.swift in Sources */,
				E5E97AA72023D6080016F039 /* RadialGradientLayer.swift in Sources */,
				E5133D071F9A95E800DE2373 /* Constants.swift in Sources */,
			);
			runOnlyForDeploymentPostprocessing = 0;
		};
/* End PBXSourcesBuildPhase section */

/* Begin PBXVariantGroup section */
		E580EAD51F9A3D3D00D35B8E /* Main.storyboard */ = {
			isa = PBXVariantGroup;
			children = (
				E580EAD61F9A3D3D00D35B8E /* Base */,
			);
			name = Main.storyboard;
			sourceTree = "<group>";
		};
		E580EADA1F9A3D3D00D35B8E /* LaunchScreen.storyboard */ = {
			isa = PBXVariantGroup;
			children = (
				E580EADB1F9A3D3D00D35B8E /* Base */,
			);
			name = LaunchScreen.storyboard;
			sourceTree = "<group>";
		};
/* End PBXVariantGroup section */

/* Begin XCBuildConfiguration section */
		E580EADE1F9A3D3D00D35B8E /* Debug */ = {
			isa = XCBuildConfiguration;
			buildSettings = {
				ALWAYS_SEARCH_USER_PATHS = NO;
				CLANG_ANALYZER_NONNULL = YES;
				CLANG_ANALYZER_NUMBER_OBJECT_CONVERSION = YES_AGGRESSIVE;
				CLANG_CXX_LANGUAGE_STANDARD = "gnu++14";
				CLANG_CXX_LIBRARY = "libc++";
				CLANG_ENABLE_MODULES = YES;
				CLANG_ENABLE_OBJC_ARC = YES;
				CLANG_WARN_BLOCK_CAPTURE_AUTORELEASING = YES;
				CLANG_WARN_BOOL_CONVERSION = YES;
				CLANG_WARN_COMMA = YES;
				CLANG_WARN_CONSTANT_CONVERSION = YES;
				CLANG_WARN_DIRECT_OBJC_ISA_USAGE = YES_ERROR;
				CLANG_WARN_DOCUMENTATION_COMMENTS = YES;
				CLANG_WARN_EMPTY_BODY = YES;
				CLANG_WARN_ENUM_CONVERSION = YES;
				CLANG_WARN_INFINITE_RECURSION = YES;
				CLANG_WARN_INT_CONVERSION = YES;
				CLANG_WARN_NON_LITERAL_NULL_CONVERSION = YES;
				CLANG_WARN_OBJC_LITERAL_CONVERSION = YES;
				CLANG_WARN_OBJC_ROOT_CLASS = YES_ERROR;
				CLANG_WARN_RANGE_LOOP_ANALYSIS = YES;
				CLANG_WARN_STRICT_PROTOTYPES = YES;
				CLANG_WARN_SUSPICIOUS_MOVE = YES;
				CLANG_WARN_UNGUARDED_AVAILABILITY = YES_AGGRESSIVE;
				CLANG_WARN_UNREACHABLE_CODE = YES;
				CLANG_WARN__DUPLICATE_METHOD_MATCH = YES;
				CODE_SIGN_IDENTITY = "iPhone Developer";
				COPY_PHASE_STRIP = NO;
				DEBUG_INFORMATION_FORMAT = dwarf;
				ENABLE_STRICT_OBJC_MSGSEND = YES;
				ENABLE_TESTABILITY = YES;
				GCC_C_LANGUAGE_STANDARD = gnu11;
				GCC_DYNAMIC_NO_PIC = NO;
				GCC_NO_COMMON_BLOCKS = YES;
				GCC_OPTIMIZATION_LEVEL = 0;
				GCC_PREPROCESSOR_DEFINITIONS = (
					"DEBUG=1",
					"$(inherited)",
				);
				GCC_WARN_64_TO_32_BIT_CONVERSION = YES;
				GCC_WARN_ABOUT_RETURN_TYPE = YES_ERROR;
				GCC_WARN_UNDECLARED_SELECTOR = YES;
				GCC_WARN_UNINITIALIZED_AUTOS = YES_AGGRESSIVE;
				GCC_WARN_UNUSED_FUNCTION = YES;
				GCC_WARN_UNUSED_VARIABLE = YES;
				IPHONEOS_DEPLOYMENT_TARGET = 11.0;
				MTL_ENABLE_DEBUG_INFO = YES;
				ONLY_ACTIVE_ARCH = YES;
				SDKROOT = iphoneos;
				SWIFT_ACTIVE_COMPILATION_CONDITIONS = DEBUG;
				SWIFT_OPTIMIZATION_LEVEL = "-Onone";
			};
			name = Debug;
		};
		E580EADF1F9A3D3D00D35B8E /* Release */ = {
			isa = XCBuildConfiguration;
			buildSettings = {
				ALWAYS_SEARCH_USER_PATHS = NO;
				CLANG_ANALYZER_NONNULL = YES;
				CLANG_ANALYZER_NUMBER_OBJECT_CONVERSION = YES_AGGRESSIVE;
				CLANG_CXX_LANGUAGE_STANDARD = "gnu++14";
				CLANG_CXX_LIBRARY = "libc++";
				CLANG_ENABLE_MODULES = YES;
				CLANG_ENABLE_OBJC_ARC = YES;
				CLANG_WARN_BLOCK_CAPTURE_AUTORELEASING = YES;
				CLANG_WARN_BOOL_CONVERSION = YES;
				CLANG_WARN_COMMA = YES;
				CLANG_WARN_CONSTANT_CONVERSION = YES;
				CLANG_WARN_DIRECT_OBJC_ISA_USAGE = YES_ERROR;
				CLANG_WARN_DOCUMENTATION_COMMENTS = YES;
				CLANG_WARN_EMPTY_BODY = YES;
				CLANG_WARN_ENUM_CONVERSION = YES;
				CLANG_WARN_INFINITE_RECURSION = YES;
				CLANG_WARN_INT_CONVERSION = YES;
				CLANG_WARN_NON_LITERAL_NULL_CONVERSION = YES;
				CLANG_WARN_OBJC_LITERAL_CONVERSION = YES;
				CLANG_WARN_OBJC_ROOT_CLASS = YES_ERROR;
				CLANG_WARN_RANGE_LOOP_ANALYSIS = YES;
				CLANG_WARN_STRICT_PROTOTYPES = YES;
				CLANG_WARN_SUSPICIOUS_MOVE = YES;
				CLANG_WARN_UNGUARDED_AVAILABILITY = YES_AGGRESSIVE;
				CLANG_WARN_UNREACHABLE_CODE = YES;
				CLANG_WARN__DUPLICATE_METHOD_MATCH = YES;
				CODE_SIGN_IDENTITY = "iPhone Developer";
				COPY_PHASE_STRIP = NO;
				DEBUG_INFORMATION_FORMAT = "dwarf-with-dsym";
				ENABLE_NS_ASSERTIONS = NO;
				ENABLE_STRICT_OBJC_MSGSEND = YES;
				GCC_C_LANGUAGE_STANDARD = gnu11;
				GCC_NO_COMMON_BLOCKS = YES;
				GCC_WARN_64_TO_32_BIT_CONVERSION = YES;
				GCC_WARN_ABOUT_RETURN_TYPE = YES_ERROR;
				GCC_WARN_UNDECLARED_SELECTOR = YES;
				GCC_WARN_UNINITIALIZED_AUTOS = YES_AGGRESSIVE;
				GCC_WARN_UNUSED_FUNCTION = YES;
				GCC_WARN_UNUSED_VARIABLE = YES;
				IPHONEOS_DEPLOYMENT_TARGET = 11.0;
				MTL_ENABLE_DEBUG_INFO = NO;
				SDKROOT = iphoneos;
				SWIFT_OPTIMIZATION_LEVEL = "-Owholemodule";
				VALIDATE_PRODUCT = YES;
			};
			name = Release;
		};
		E580EAE11F9A3D3D00D35B8E /* Debug */ = {
			isa = XCBuildConfiguration;
			buildSettings = {
				ASSETCATALOG_COMPILER_APPICON_NAME = AppIcon;
				CODE_SIGN_STYLE = Automatic;
				DEVELOPMENT_TEAM = S5H672JK44;
				INFOPLIST_FILE = Breakout/Info.plist;
				LD_RUNPATH_SEARCH_PATHS = "$(inherited) @executable_path/Frameworks";
				PRODUCT_BUNDLE_IDENTIFIER = com.av.Breakout;
				PRODUCT_NAME = "$(TARGET_NAME)";
				SWIFT_VERSION = 4.0;
				TARGETED_DEVICE_FAMILY = "1,2";
			};
			name = Debug;
		};
		E580EAE21F9A3D3D00D35B8E /* Release */ = {
			isa = XCBuildConfiguration;
			buildSettings = {
				ASSETCATALOG_COMPILER_APPICON_NAME = AppIcon;
				CODE_SIGN_STYLE = Automatic;
				DEVELOPMENT_TEAM = S5H672JK44;
				INFOPLIST_FILE = Breakout/Info.plist;
				LD_RUNPATH_SEARCH_PATHS = "$(inherited) @executable_path/Frameworks";
				PRODUCT_BUNDLE_IDENTIFIER = com.av.Breakout;
				PRODUCT_NAME = "$(TARGET_NAME)";
				SWIFT_VERSION = 4.0;
				TARGETED_DEVICE_FAMILY = "1,2";
			};
			name = Release;
		};
/* End XCBuildConfiguration section */

/* Begin XCConfigurationList section */
		E580EAC91F9A3D3D00D35B8E /* Build configuration list for PBXProject "Breakout" */ = {
			isa = XCConfigurationList;
			buildConfigurations = (
				E580EADE1F9A3D3D00D35B8E /* Debug */,
				E580EADF1F9A3D3D00D35B8E /* Release */,
			);
			defaultConfigurationIsVisible = 0;
			defaultConfigurationName = Release;
		};
		E580EAE01F9A3D3D00D35B8E /* Build configuration list for PBXNativeTarget "Breakout" */ = {
			isa = XCConfigurationList;
			buildConfigurations = (
				E580EAE11F9A3D3D00D35B8E /* Debug */,
				E580EAE21F9A3D3D00D35B8E /* Release */,
			);
			defaultConfigurationIsVisible = 0;
			defaultConfigurationName = Release;
		};
/* End XCConfigurationList section */

/* Begin XCVersionGroup section */
		E515B5D0201FE8C0006E8EAE /* HighScores.xcdatamodeld */ = {
			isa = XCVersionGroup;
			children = (
				E515B5D1201FE8C0006E8EAE /* HighScores.xcdatamodel */,
			);
			currentVersion = E515B5D1201FE8C0006E8EAE /* HighScores.xcdatamodel */;
			path = HighScores.xcdatamodeld;
			sourceTree = "<group>";
			versionGroupType = wrapper.xcdatamodel;
		};
/* End XCVersionGroup section */
	};
	rootObject = E580EAC61F9A3D3D00D35B8E /* Project object */;
}
